{
  "name": "startbootstrap-sb-admin-2",
  "version": "3.3.7+1",
  "lockfileVersion": 1,
  "requires": true,
  "dependencies": {
    "bootstrap-datetime-picker": {
      "version": "2.4.4",
      "resolved": "https://registry.npmjs.org/bootstrap-datetime-picker/-/bootstrap-datetime-picker-2.4.4.tgz",
      "integrity": "sha1-t8/oQ6PG0iHAMpPJpGSkzDXXOWg="
    }
  }
}
